// !$*UTF8*$!
{
	archiveVersion = 1;
	classes = {
	};
	objectVersion = 56;
	objects = {

/* Begin PBXBuildFile section */
		B904E90B2B58255F00FB38ED /* AppDelegate.swift in Sources */ = {isa = PBXBuildFile; fileRef = B904E90A2B58255F00FB38ED /* AppDelegate.swift */; };
		B904E90D2B58255F00FB38ED /* SceneDelegate.swift in Sources */ = {isa = PBXBuildFile; fileRef = B904E90C2B58255F00FB38ED /* SceneDelegate.swift */; };
		B904E90F2B58255F00FB38ED /* ViewController.swift in Sources */ = {isa = PBXBuildFile; fileRef = B904E90E2B58255F00FB38ED /* ViewController.swift */; };
		B904E9122B58255F00FB38ED /* Main.storyboard in Resources */ = {isa = PBXBuildFile; fileRef = B904E9102B58255F00FB38ED /* Main.storyboard */; };
		B904E9142B58256100FB38ED /* Assets.xcassets in Resources */ = {isa = PBXBuildFile; fileRef = B904E9132B58256100FB38ED /* Assets.xcassets */; };
		B904E9172B58256100FB38ED /* LaunchScreen.storyboard in Resources */ = {isa = PBXBuildFile; fileRef = B904E9152B58256100FB38ED /* LaunchScreen.storyboard */; };
		B904E9222B58256100FB38ED /* movieAppTests.swift in Sources */ = {isa = PBXBuildFile; fileRef = B904E9212B58256100FB38ED /* movieAppTests.swift */; };
		B904E92C2B58256100FB38ED /* movieAppUITests.swift in Sources */ = {isa = PBXBuildFile; fileRef = B904E92B2B58256100FB38ED /* movieAppUITests.swift */; };
		B904E92E2B58256100FB38ED /* movieAppUITestsLaunchTests.swift in Sources */ = {isa = PBXBuildFile; fileRef = B904E92D2B58256100FB38ED /* movieAppUITestsLaunchTests.swift */; };
/* End PBXBuildFile section */

/* Begin PBXContainerItemProxy section */
		B904E91E2B58256100FB38ED /* PBXContainerItemProxy */ = {
			isa = PBXContainerItemProxy;
			containerPortal = B904E8FF2B58255F00FB38ED /* Project object */;
			proxyType = 1;
			remoteGlobalIDString = B904E9062B58255F00FB38ED;
			remoteInfo = movieApp;
		};
		B904E9282B58256100FB38ED /* PBXContainerItemProxy */ = {
			isa = PBXContainerItemProxy;
			containerPortal = B904E8FF2B58255F00FB38ED /* Project object */;
			proxyType = 1;
			remoteGlobalIDString = B904E9062B58255F00FB38ED;
			remoteInfo = movieApp;
		};
/* End PBXContainerItemProxy section */

/* Begin PBXFileReference section */
		B904E9072B58255F00FB38ED /* movieApp.app */ = {isa = PBXFileReference; explicitFileType = wrapper.application; includeInIndex = 0; path = movieApp.app; sourceTree = BUILT_PRODUCTS_DIR; };
		B904E90A2B58255F00FB38ED /* AppDelegate.swift */ = {isa = PBXFileReference; lastKnownFileType = sourcecode.swift; path = AppDelegate.swift; sourceTree = "<group>"; };
		B904E90C2B58255F00FB38ED /* SceneDelegate.swift */ = {isa = PBXFileReference; lastKnownFileType = sourcecode.swift; path = SceneDelegate.swift; sourceTree = "<group>"; };
		B904E90E2B58255F00FB38ED /* ViewController.swift */ = {isa = PBXFileReference; lastKnownFileType = sourcecode.swift; path = ViewController.swift; sourceTree = "<group>"; };
		B904E9112B58255F00FB38ED /* Base */ = {isa = PBXFileReference; lastKnownFileType = file.storyboard; name = Base; path = Base.lproj/Main.storyboard; sourceTree = "<group>"; };
		B904E9132B58256100FB38ED /* Assets.xcassets */ = {isa = PBXFileReference; lastKnownFileType = folder.assetcatalog; path = Assets.xcassets; sourceTree = "<group>"; };
		B904E9162B58256100FB38ED /* Base */ = {isa = PBXFileReference; lastKnownFileType = file.storyboard; name = Base; path = Base.lproj/LaunchScreen.storyboard; sourceTree = "<group>"; };
		B904E9182B58256100FB38ED /* Info.plist */ = {isa = PBXFileReference; lastKnownFileType = text.plist.xml; path = Info.plist; sourceTree = "<group>"; };
		B904E91D2B58256100FB38ED /* movieAppTests.xctest */ = {isa = PBXFileReference; explicitFileType = wrapper.cfbundle; includeInIndex = 0; path = movieAppTests.xctest; sourceTree = BUILT_PRODUCTS_DIR; };
		B904E9212B58256100FB38ED /* movieAppTests.swift */ = {isa = PBXFileReference; lastKnownFileType = sourcecode.swift; path = movieAppTests.swift; sourceTree = "<group>"; };
		B904E9272B58256100FB38ED /* movieAppUITests.xctest */ = {isa = PBXFileReference; explicitFileType = wrapper.cfbundle; includeInIndex = 0; path = movieAppUITests.xctest; sourceTree = BUILT_PRODUCTS_DIR; };
		B904E92B2B58256100FB38ED /* movieAppUITests.swift */ = {isa = PBXFileReference; lastKnownFileType = sourcecode.swift; path = movieAppUITests.swift; sourceTree = "<group>"; };
		B904E92D2B58256100FB38ED /* movieAppUITestsLaunchTests.swift */ = {isa = PBXFileReference; lastKnownFileType = sourcecode.swift; path = movieAppUITestsLaunchTests.swift; sourceTree = "<group>"; };
/* End PBXFileReference section */

/* Begin PBXFrameworksBuildPhase section */
		B904E9042B58255F00FB38ED /* Frameworks */ = {
			isa = PBXFrameworksBuildPhase;
			buildActionMask = 2147483647;
			files = (
			);
			runOnlyForDeploymentPostprocessing = 0;
		};
		B904E91A2B58256100FB38ED /* Frameworks */ = {
			isa = PBXFrameworksBuildPhase;
			buildActionMask = 2147483647;
			files = (
			);
			runOnlyForDeploymentPostprocessing = 0;
		};
		B904E9242B58256100FB38ED /* Frameworks */ = {
			isa = PBXFrameworksBuildPhase;
			buildActionMask = 2147483647;
			files = (
			);
			runOnlyForDeploymentPostprocessing = 0;
		};
/* End PBXFrameworksBuildPhase section */

/* Begin PBXGroup section */
		B904E8FE2B58255F00FB38ED = {
			isa = PBXGroup;
			children = (
				B904E9092B58255F00FB38ED /* movieApp */,
				B904E9202B58256100FB38ED /* movieAppTests */,
				B904E92A2B58256100FB38ED /* movieAppUITests */,
				B904E9082B58255F00FB38ED /* Products */,
			);
			sourceTree = "<group>";
		};
		B904E9082B58255F00FB38ED /* Products */ = {
			isa = PBXGroup;
			children = (
				B904E9072B58255F00FB38ED /* movieApp.app */,
				B904E91D2B58256100FB38ED /* movieAppTests.xctest */,
				B904E9272B58256100FB38ED /* movieAppUITests.xctest */,
			);
			name = Products;
			sourceTree = "<group>";
		};
		B904E9092B58255F00FB38ED /* movieApp */ = {
			isa = PBXGroup;
			children = (
				B904E90A2B58255F00FB38ED /* AppDelegate.swift */,
				B904E90C2B58255F00FB38ED /* SceneDelegate.swift */,
				B904E90E2B58255F00FB38ED /* ViewController.swift */,
				B904E9102B58255F00FB38ED /* Main.storyboard */,
				B904E9132B58256100FB38ED /* Assets.xcassets */,
				B904E9152B58256100FB38ED /* LaunchScreen.storyboard */,
				B904E9182B58256100FB38ED /* Info.plist */,
			);
			path = movieApp;
			sourceTree = "<group>";
		};
		B904E9202B58256100FB38ED /* movieAppTests */ = {
			isa = PBXGroup;
			children = (
				B904E9212B58256100FB38ED /* movieAppTests.swift */,
			);
			path = movieAppTests;
			sourceTree = "<group>";
		};
		B904E92A2B58256100FB38ED /* movieAppUITests */ = {
			isa = PBXGroup;
			children = (
				B904E92B2B58256100FB38ED /* movieAppUITests.swift */,
				B904E92D2B58256100FB38ED /* movieAppUITestsLaunchTests.swift */,
			);
			path = movieAppUITests;
			sourceTree = "<group>";
		};
/* End PBXGroup section */

/* Begin PBXNativeTarget section */
		B904E9062B58255F00FB38ED /* movieApp */ = {
			isa = PBXNativeTarget;
			buildConfigurationList = B904E9312B58256100FB38ED /* Build configuration list for PBXNativeTarget "movieApp" */;
			buildPhases = (
				B904E9032B58255F00FB38ED /* Sources */,
				B904E9042B58255F00FB38ED /* Frameworks */,
				B904E9052B58255F00FB38ED /* Resources */,
			);
			buildRules = (
			);
			dependencies = (
			);
			name = movieApp;
			productName = movieApp;
			productReference = B904E9072B58255F00FB38ED /* movieApp.app */;
			productType = "com.apple.product-type.application";
		};
		B904E91C2B58256100FB38ED /* movieAppTests */ = {
			isa = PBXNativeTarget;
			buildConfigurationList = B904E9342B58256100FB38ED /* Build configuration list for PBXNativeTarget "movieAppTests" */;
			buildPhases = (
				B904E9192B58256100FB38ED /* Sources */,
				B904E91A2B58256100FB38ED /* Frameworks */,
				B904E91B2B58256100FB38ED /* Resources */,
			);
			buildRules = (
			);
			dependencies = (
				B904E91F2B58256100FB38ED /* PBXTargetDependency */,
			);
			name = movieAppTests;
			productName = movieAppTests;
			productReference = B904E91D2B58256100FB38ED /* movieAppTests.xctest */;
			productType = "com.apple.product-type.bundle.unit-test";
		};
		B904E9262B58256100FB38ED /* movieAppUITests */ = {
			isa = PBXNativeTarget;
			buildConfigurationList = B904E9372B58256100FB38ED /* Build configuration list for PBXNativeTarget "movieAppUITests" */;
			buildPhases = (
				B904E9232B58256100FB38ED /* Sources */,
				B904E9242B58256100FB38ED /* Frameworks */,
				B904E9252B58256100FB38ED /* Resources */,
			);
			buildRules = (
			);
			dependencies = (
				B904E9292B58256100FB38ED /* PBXTargetDependency */,
			);
			name = movieAppUITests;
			productName = movieAppUITests;
			productReference = B904E9272B58256100FB38ED /* movieAppUITests.xctest */;
			productType = "com.apple.product-type.bundle.ui-testing";
		};
/* End PBXNativeTarget section */

/* Begin PBXProject section */
		B904E8FF2B58255F00FB38ED /* Project object */ = {
			isa = PBXProject;
			attributes = {
				BuildIndependentTargetsInParallel = 1;
				LastSwiftUpdateCheck = 1520;
				LastUpgradeCheck = 1520;
				TargetAttributes = {
					B904E9062B58255F00FB38ED = {
						CreatedOnToolsVersion = 15.2;
					};
					B904E91C2B58256100FB38ED = {
						CreatedOnToolsVersion = 15.2;
						TestTargetID = B904E9062B58255F00FB38ED;
					};
					B904E9262B58256100FB38ED = {
						CreatedOnToolsVersion = 15.2;
						TestTargetID = B904E9062B58255F00FB38ED;
					};
				};
			};
			buildConfigurationList = B904E9022B58255F00FB38ED /* Build configuration list for PBXProject "movieApp" */;
			compatibilityVersion = "Xcode 14.0";
			developmentRegion = en;
			hasScannedForEncodings = 0;
			knownRegions = (
				en,
				Base,
			);
			mainGroup = B904E8FE2B58255F00FB38ED;
			productRefGroup = B904E9082B58255F00FB38ED /* Products */;
			projectDirPath = "";
			projectRoot = "";
			targets = (
				B904E9062B58255F00FB38ED /* movieApp */,
				B904E91C2B58256100FB38ED /* movieAppTests */,
				B904E9262B58256100FB38ED /* movieAppUITests */,
			);
		};
/* End PBXProject section */

/* Begin PBXResourcesBuildPhase section */
		B904E9052B58255F00FB38ED /* Resources */ = {
			isa = PBXResourcesBuildPhase;
			buildActionMask = 2147483647;
			files = (
				B904E9172B58256100FB38ED /* LaunchScreen.storyboard in Resources */,
				B904E9142B58256100FB38ED /* Assets.xcassets in Resources */,
				B904E9122B58255F00FB38ED /* Main.storyboard in Resources */,
			);
			runOnlyForDeploymentPostprocessing = 0;
		};
		B904E91B2B58256100FB38ED /* Resources */ = {
			isa = PBXResourcesBuildPhase;
			buildActionMask = 2147483647;
			files = (
			);
			runOnlyForDeploymentPostprocessing = 0;
		};
		B904E9252B58256100FB38ED /* Resources */ = {
			isa = PBXResourcesBuildPhase;
			buildActionMask = 2147483647;
			files = (
			);
			runOnlyForDeploymentPostprocessing = 0;
		};
/* End PBXResourcesBuildPhase section */

/* Begin PBXSourcesBuildPhase section */
		B904E9032B58255F00FB38ED /* Sources */ = {
			isa = PBXSourcesBuildPhase;
			buildActionMask = 2147483647;
			files = (
				B904E90F2B58255F00FB38ED /* ViewController.swift in Sources */,
				B904E90B2B58255F00FB38ED /* AppDelegate.swift in Sources */,
				B904E90D2B58255F00FB38ED /* SceneDelegate.swift in Sources */,
			);
			runOnlyForDeploymentPostprocessing = 0;
		};
		B904E9192B58256100FB38ED /* Sources */ = {
			isa = PBXSourcesBuildPhase;
			buildActionMask = 2147483647;
			files = (
				B904E9222B58256100FB38ED /* movieAppTests.swift in Sources */,
			);
			runOnlyForDeploymentPostprocessing = 0;
		};
		B904E9232B58256100FB38ED /* Sources */ = {
			isa = PBXSourcesBuildPhase;
			buildActionMask = 2147483647;
			files = (
				B904E92E2B58256100FB38ED /* movieAppUITestsLaunchTests.swift in Sources */,
				B904E92C2B58256100FB38ED /* movieAppUITests.swift in Sources */,
			);
			runOnlyForDeploymentPostprocessing = 0;
		};
/* End PBXSourcesBuildPhase section */

/* Begin PBXTargetDependency section */
		B904E91F2B58256100FB38ED /* PBXTargetDependency */ = {
			isa = PBXTargetDependency;
			target = B904E9062B58255F00FB38ED /* movieApp */;
			targetProxy = B904E91E2B58256100FB38ED /* PBXContainerItemProxy */;
		};
		B904E9292B58256100FB38ED /* PBXTargetDependency */ = {
			isa = PBXTargetDependency;
			target = B904E9062B58255F00FB38ED /* movieApp */;
			targetProxy = B904E9282B58256100FB38ED /* PBXContainerItemProxy */;
		};
/* End PBXTargetDependency section */

/* Begin PBXVariantGroup section */
		B904E9102B58255F00FB38ED /* Main.storyboard */ = {
			isa = PBXVariantGroup;
			children = (
				B904E9112B58255F00FB38ED /* Base */,
			);
			name = Main.storyboard;
			sourceTree = "<group>";
		};
		B904E9152B58256100FB38ED /* LaunchScreen.storyboard */ = {
			isa = PBXVariantGroup;
			children = (
				B904E9162B58256100FB38ED /* Base */,
			);
			name = LaunchScreen.storyboard;
			sourceTree = "<group>";
		};
/* End PBXVariantGroup section */

/* Begin XCBuildConfiguration section */
		B904E92F2B58256100FB38ED /* Debug */ = {
			isa = XCBuildConfiguration;
			buildSettings = {
				ALWAYS_SEARCH_USER_PATHS = NO;
				ASSETCATALOG_COMPILER_GENERATE_SWIFT_ASSET_SYMBOL_EXTENSIONS = YES;
				CLANG_ANALYZER_NONNULL = YES;
				CLANG_ANALYZER_NUMBER_OBJECT_CONVERSION = YES_AGGRESSIVE;
				CLANG_CXX_LANGUAGE_STANDARD = "gnu++20";
				CLANG_ENABLE_MODULES = YES;
				CLANG_ENABLE_OBJC_ARC = YES;
				CLANG_ENABLE_OBJC_WEAK = YES;
				CLANG_WARN_BLOCK_CAPTURE_AUTORELEASING = YES;
				CLANG_WARN_BOOL_CONVERSION = YES;
				CLANG_WARN_COMMA = YES;
				CLANG_WARN_CONSTANT_CONVERSION = YES;
				CLANG_WARN_DEPRECATED_OBJC_IMPLEMENTATIONS = YES;
				CLANG_WARN_DIRECT_OBJC_ISA_USAGE = YES_ERROR;
				CLANG_WARN_DOCUMENTATION_COMMENTS = YES;
				CLANG_WARN_EMPTY_BODY = YES;
				CLANG_WARN_ENUM_CONVERSION = YES;
				CLANG_WARN_INFINITE_RECURSION = YES;
				CLANG_WARN_INT_CONVERSION = YES;
				CLANG_WARN_NON_LITERAL_NULL_CONVERSION = YES;
				CLANG_WARN_OBJC_IMPLICIT_RETAIN_SELF = YES;
				CLANG_WARN_OBJC_LITERAL_CONVERSION = YES;
				CLANG_WARN_OBJC_ROOT_CLASS = YES_ERROR;
				CLANG_WARN_QUOTED_INCLUDE_IN_FRAMEWORK_HEADER = YES;
				CLANG_WARN_RANGE_LOOP_ANALYSIS = YES;
				CLANG_WARN_STRICT_PROTOTYPES = YES;
				CLANG_WARN_SUSPICIOUS_MOVE = YES;
				CLANG_WARN_UNGUARDED_AVAILABILITY = YES_AGGRESSIVE;
				CLANG_WARN_UNREACHABLE_CODE = YES;
				CLANG_WARN__DUPLICATE_METHOD_MATCH = YES;
				COPY_PHASE_STRIP = NO;
				DEBUG_INFORMATION_FORMAT = dwarf;
				ENABLE_STRICT_OBJC_MSGSEND = YES;
				ENABLE_TESTABILITY = YES;
				ENABLE_USER_SCRIPT_SANDBOXING = YES;
				GCC_C_LANGUAGE_STANDARD = gnu17;
				GCC_DYNAMIC_NO_PIC = NO;
				GCC_NO_COMMON_BLOCKS = YES;
				GCC_OPTIMIZATION_LEVEL = 0;
				GCC_PREPROCESSOR_DEFINITIONS = (
					"DEBUG=1",
					"$(inherited)",
				);
				GCC_WARN_64_TO_32_BIT_CONVERSION = YES;
				GCC_WARN_ABOUT_RETURN_TYPE = YES_ERROR;
				GCC_WARN_UNDECLARED_SELECTOR = YES;
				GCC_WARN_UNINITIALIZED_AUTOS = YES_AGGRESSIVE;
				GCC_WARN_UNUSED_FUNCTION = YES;
				GCC_WARN_UNUSED_VARIABLE = YES;
				IPHONEOS_DEPLOYMENT_TARGET = 17.2;
				LOCALIZATION_PREFERS_STRING_CATALOGS = YES;
				MTL_ENABLE_DEBUG_INFO = INCLUDE_SOURCE;
				MTL_FAST_MATH = YES;
				ONLY_ACTIVE_ARCH = YES;
				SDKROOT = iphoneos;
				SWIFT_ACTIVE_COMPILATION_CONDITIONS = "DEBUG $(inherited)";
				SWIFT_OPTIMIZATION_LEVEL = "-Onone";
			};
			name = Debug;
		};
		B904E9302B58256100FB38ED /* Release */ = {
			isa = XCBuildConfiguration;
			buildSettings = {
				ALWAYS_SEARCH_USER_PATHS = NO;
				ASSETCATALOG_COMPILER_GENERATE_SWIFT_ASSET_SYMBOL_EXTENSIONS = YES;
				CLANG_ANALYZER_NONNULL = YES;
				CLANG_ANALYZER_NUMBER_OBJECT_CONVERSION = YES_AGGRESSIVE;
				CLANG_CXX_LANGUAGE_STANDARD = "gnu++20";
				CLANG_ENABLE_MODULES = YES;
				CLANG_ENABLE_OBJC_ARC = YES;
				CLANG_ENABLE_OBJC_WEAK = YES;
				CLANG_WARN_BLOCK_CAPTURE_AUTORELEASING = YES;
				CLANG_WARN_BOOL_CONVERSION = YES;
				CLANG_WARN_COMMA = YES;
				CLANG_WARN_CONSTANT_CONVERSION = YES;
				CLANG_WARN_DEPRECATED_OBJC_IMPLEMENTATIONS = YES;
				CLANG_WARN_DIRECT_OBJC_ISA_USAGE = YES_ERROR;
				CLANG_WARN_DOCUMENTATION_COMMENTS = YES;
				CLANG_WARN_EMPTY_BODY = YES;
				CLANG_WARN_ENUM_CONVERSION = YES;
				CLANG_WARN_INFINITE_RECURSION = YES;
				CLANG_WARN_INT_CONVERSION = YES;
				CLANG_WARN_NON_LITERAL_NULL_CONVERSION = YES;
				CLANG_WARN_OBJC_IMPLICIT_RETAIN_SELF = YES;
				CLANG_WARN_OBJC_LITERAL_CONVERSION = YES;
				CLANG_WARN_OBJC_ROOT_CLASS = YES_ERROR;
				CLANG_WARN_QUOTED_INCLUDE_IN_FRAMEWORK_HEADER = YES;
				CLANG_WARN_RANGE_LOOP_ANALYSIS = YES;
				CLANG_WARN_STRICT_PROTOTYPES = YES;
				CLANG_WARN_SUSPICIOUS_MOVE = YES;
				CLANG_WARN_UNGUARDED_AVAILABILITY = YES_AGGRESSIVE;
				CLANG_WARN_UNREACHABLE_CODE = YES;
				CLANG_WARN__DUPLICATE_METHOD_MATCH = YES;
				COPY_PHASE_STRIP = NO;
				DEBUG_INFORMATION_FORMAT = "dwarf-with-dsym";
				ENABLE_NS_ASSERTIONS = NO;
				ENABLE_STRICT_OBJC_MSGSEND = YES;
				ENABLE_USER_SCRIPT_SANDBOXING = YES;
				GCC_C_LANGUAGE_STANDARD = gnu17;
				GCC_NO_COMMON_BLOCKS = YES;
				GCC_WARN_64_TO_32_BIT_CONVERSION = YES;
				GCC_WARN_ABOUT_RETURN_TYPE = YES_ERROR;
				GCC_WARN_UNDECLARED_SELECTOR = YES;
				GCC_WARN_UNINITIALIZED_AUTOS = YES_AGGRESSIVE;
				GCC_WARN_UNUSED_FUNCTION = YES;
				GCC_WARN_UNUSED_VARIABLE = YES;
				IPHONEOS_DEPLOYMENT_TARGET = 17.2;
				LOCALIZATION_PREFERS_STRING_CATALOGS = YES;
				MTL_ENABLE_DEBUG_INFO = NO;
				MTL_FAST_MATH = YES;
				SDKROOT = iphoneos;
				SWIFT_COMPILATION_MODE = wholemodule;
				VALIDATE_PRODUCT = YES;
			};
			name = Release;
		};
		B904E9322B58256100FB38ED /* Debug */ = {
			isa = XCBuildConfiguration;
			buildSettings = {
				ASSETCATALOG_COMPILER_APPICON_NAME = AppIcon;
				ASSETCATALOG_COMPILER_GLOBAL_ACCENT_COLOR_NAME = AccentColor;
				CODE_SIGN_STYLE = Automatic;
				CURRENT_PROJECT_VERSION = 1;
				DEVELOPMENT_TEAM = G2RHL6RSUP;
				GENERATE_INFOPLIST_FILE = YES;
				INFOPLIST_FILE = movieApp/Info.plist;
				INFOPLIST_KEY_UIApplicationSupportsIndirectInputEvents = YES;
				INFOPLIST_KEY_UILaunchStoryboardName = LaunchScreen;
				INFOPLIST_KEY_UIMainStoryboardFile = Main;
				INFOPLIST_KEY_UISupportedInterfaceOrientations_iPad = "UIInterfaceOrientationPortrait UIInterfaceOrientationPortraitUpsideDown UIInterfaceOrientationLandscapeLeft UIInterfaceOrientationLandscapeRight";
				INFOPLIST_KEY_UISupportedInterfaceOrientations_iPhone = "UIInterfaceOrientationPortrait UIInterfaceOrientationLandscapeLeft UIInterfaceOrientationLandscapeRight";
				LD_RUNPATH_SEARCH_PATHS = (
					"$(inherited)",
					"@executable_path/Frameworks",
				);
				MARKETING_VERSION = 1.0;
				PRODUCT_BUNDLE_IDENTIFIER = clc.movieApp;
				PRODUCT_NAME = "$(TARGET_NAME)";
				SWIFT_EMIT_LOC_STRINGS = YES;
				SWIFT_VERSION = 5.0;
				TARGETED_DEVICE_FAMILY = "1,2";
			};
			name = Debug;
		};
		B904E9332B58256100FB38ED /* Release */ = {
			isa = XCBuildConfiguration;
			buildSettings = {
				ASSETCATALOG_COMPILER_APPICON_NAME = AppIcon;
				ASSETCATALOG_COMPILER_GLOBAL_ACCENT_COLOR_NAME = AccentColor;
				CODE_SIGN_STYLE = Automatic;
				CURRENT_PROJECT_VERSION = 1;
				DEVELOPMENT_TEAM = G2RHL6RSUP;
				GENERATE_INFOPLIST_FILE = YES;
				INFOPLIST_FILE = movieApp/Info.plist;
				INFOPLIST_KEY_UIApplicationSupportsIndirectInputEvents = YES;
				INFOPLIST_KEY_UILaunchStoryboardName = LaunchScreen;
				INFOPLIST_KEY_UIMainStoryboardFile = Main;
				INFOPLIST_KEY_UISupportedInterfaceOrientations_iPad = "UIInterfaceOrientationPortrait UIInterfaceOrientationPortraitUpsideDown UIInterfaceOrientationLandscapeLeft UIInterfaceOrientationLandscapeRight";
				INFOPLIST_KEY_UISupportedInterfaceOrientations_iPhone = "UIInterfaceOrientationPortrait UIInterfaceOrientationLandscapeLeft UIInterfaceOrientationLandscapeRight";
				LD_RUNPATH_SEARCH_PATHS = (
					"$(inherited)",
					"@executable_path/Frameworks",
				);
				MARKETING_VERSION = 1.0;
				PRODUCT_BUNDLE_IDENTIFIER = clc.movieApp;
				PRODUCT_NAME = "$(TARGET_NAME)";
				SWIFT_EMIT_LOC_STRINGS = YES;
				SWIFT_VERSION = 5.0;
				TARGETED_DEVICE_FAMILY = "1,2";
			};
			name = Release;
		};
		B904E9352B58256100FB38ED /* Debug */ = {
			isa = XCBuildConfiguration;
			buildSettings = {
				ALWAYS_EMBED_SWIFT_STANDARD_LIBRARIES = YES;
				BUNDLE_LOADER = "$(TEST_HOST)";
				CODE_SIGN_STYLE = Automatic;
				CURRENT_PROJECT_VERSION = 1;
				DEVELOPMENT_TEAM = G2RHL6RSUP;
				GENERATE_INFOPLIST_FILE = YES;
				IPHONEOS_DEPLOYMENT_TARGET = 17.2;
				MARKETING_VERSION = 1.0;
				PRODUCT_BUNDLE_IDENTIFIER = clc.movieAppTests;
				PRODUCT_NAME = "$(TARGET_NAME)";
				SWIFT_EMIT_LOC_STRINGS = NO;
				SWIFT_VERSION = 5.0;
				TARGETED_DEVICE_FAMILY = "1,2";
				TEST_HOST = "$(BUILT_PRODUCTS_DIR)/movieApp.app/$(BUNDLE_EXECUTABLE_FOLDER_PATH)/movieApp";
			};
			name = Debug;
		};
		B904E9362B58256100FB38ED /* Release */ = {
			isa = XCBuildConfiguration;
			buildSettings = {
				ALWAYS_EMBED_SWIFT_STANDARD_LIBRARIES = YES;
				BUNDLE_LOADER = "$(TEST_HOST)";
				CODE_SIGN_STYLE = Automatic;
				CURRENT_PROJECT_VERSION = 1;
				DEVELOPMENT_TEAM = G2RHL6RSUP;
				GENERATE_INFOPLIST_FILE = YES;
				IPHONEOS_DEPLOYMENT_TARGET = 17.2;
				MARKETING_VERSION = 1.0;
				PRODUCT_BUNDLE_IDENTIFIER = clc.movieAppTests;
				PRODUCT_NAME = "$(TARGET_NAME)";
				SWIFT_EMIT_LOC_STRINGS = NO;
				SWIFT_VERSION = 5.0;
				TARGETED_DEVICE_FAMILY = "1,2";
				TEST_HOST = "$(BUILT_PRODUCTS_DIR)/movieApp.app/$(BUNDLE_EXECUTABLE_FOLDER_PATH)/movieApp";
			};
			name = Release;
		};
		B904E9382B58256100FB38ED /* Debug */ = {
			isa = XCBuildConfiguration;
			buildSettings = {
				ALWAYS_EMBED_SWIFT_STANDARD_LIBRARIES = YES;
				CODE_SIGN_STYLE = Automatic;
				CURRENT_PROJECT_VERSION = 1;
				DEVELOPMENT_TEAM = G2RHL6RSUP;
				GENERATE_INFOPLIST_FILE = YES;
				MARKETING_VERSION = 1.0;
				PRODUCT_BUNDLE_IDENTIFIER = clc.movieAppUITests;
				PRODUCT_NAME = "$(TARGET_NAME)";
				SWIFT_EMIT_LOC_STRINGS = NO;
				SWIFT_VERSION = 5.0;
				TARGETED_DEVICE_FAMILY = "1,2";
				TEST_TARGET_NAME = movieApp;
			};
			name = Debug;
		};
		B904E9392B58256100FB38ED /* Release */ = {
			isa = XCBuildConfiguration;
			buildSettings = {
				ALWAYS_EMBED_SWIFT_STANDARD_LIBRARIES = YES;
				CODE_SIGN_STYLE = Automatic;
				CURRENT_PROJECT_VERSION = 1;
				DEVELOPMENT_TEAM = G2RHL6RSUP;
				GENERATE_INFOPLIST_FILE = YES;
				MARKETING_VERSION = 1.0;
				PRODUCT_BUNDLE_IDENTIFIER = clc.movieAppUITests;
				PRODUCT_NAME = "$(TARGET_NAME)";
				SWIFT_EMIT_LOC_STRINGS = NO;
				SWIFT_VERSION = 5.0;
				TARGETED_DEVICE_FAMILY = "1,2";
				TEST_TARGET_NAME = movieApp;
			};
			name = Release;
		};
/* End XCBuildConfiguration section */

/* Begin XCConfigurationList section */
		B904E9022B58255F00FB38ED /* Build configuration list for PBXProject "movieApp" */ = {
			isa = XCConfigurationList;
			buildConfigurations = (
				B904E92F2B58256100FB38ED /* Debug */,
				B904E9302B58256100FB38ED /* Release */,
			);
			defaultConfigurationIsVisible = 0;
			defaultConfigurationName = Release;
		};
		B904E9312B58256100FB38ED /* Build configuration list for PBXNativeTarget "movieApp" */ = {
			isa = XCConfigurationList;
			buildConfigurations = (
				B904E9322B58256100FB38ED /* Debug */,
				B904E9332B58256100FB38ED /* Release */,
			);
			defaultConfigurationIsVisible = 0;
			defaultConfigurationName = Release;
		};
		B904E9342B58256100FB38ED /* Build configuration list for PBXNativeTarget "movieAppTests" */ = {
			isa = XCConfigurationList;
			buildConfigurations = (
				B904E9352B58256100FB38ED /* Debug */,
				B904E9362B58256100FB38ED /* Release */,
			);
			defaultConfigurationIsVisible = 0;
			defaultConfigurationName = Release;
		};
		B904E9372B58256100FB38ED /* Build configuration list for PBXNativeTarget "movieAppUITests" */ = {
			isa = XCConfigurationList;
			buildConfigurations = (
				B904E9382B58256100FB38ED /* Debug */,
				B904E9392B58256100FB38ED /* Release */,
			);
			defaultConfigurationIsVisible = 0;
			defaultConfigurationName = Release;
		};
/* End XCConfigurationList section */
	};
	rootObject = B904E8FF2B58255F00FB38ED /* Project object */;
}
